
Microsoft Visual Studio Solution File, Format Version 12.00
# Visual Studio Version 17
VisualStudioVersion = 17.4.33213.308
MinimumVisualStudioVersion = 10.0.40219.1
Project("{9A19103F-16F7-4668-BE54-9A1E7A4F7556}") = "FirebotBackend", "FirebotBackend\FirebotBackend.csproj", "{6CEA54D4-255D-474B-9403-5BAE6C07734D}"
EndProject
Project("{FAE04EC0-301F-11D3-BF4B-00C04F79EFBC}") = "Communication", "Communication\Communication.csproj", "{4081FC44-99B4-4B67-AA9D-5048293D38F2}"
EndProject
Global
	GlobalSection(SolutionConfigurationPlatforms) = preSolution
		Debug|Any CPU = Debug|Any CPU
		Release|Any CPU = Release|Any CPU
	EndGlobalSection
	GlobalSection(ProjectConfigurationPlatforms) = postSolution
		{6CEA54D4-255D-474B-9403-5BAE6C07734D}.Debug|Any CPU.ActiveCfg = Debug|Any CPU
		{6CEA54D4-255D-474B-9403-5BAE6C07734D}.Debug|Any CPU.Build.0 = Debug|Any CPU
		{6CEA54D4-255D-474B-9403-5BAE6C07734D}.Release|Any CPU.ActiveCfg = Release|Any CPU
		{6CEA54D4-255D-474B-9403-5BAE6C07734D}.Release|Any CPU.Build.0 = Release|Any CPU
		{4081FC44-99B4-4B67-AA9D-5048293D38F2}.Debug|Any CPU.ActiveCfg = Debug|Any CPU
		{4081FC44-99B4-4B67-AA9D-5048293D38F2}.Debug|Any CPU.Build.0 = Debug|Any CPU
		{4081FC44-99B4-4B67-AA9D-5048293D38F2}.Release|Any CPU.ActiveCfg = Release|Any CPU
		{4081FC44-99B4-4B67-AA9D-5048293D38F2}.Release|Any CPU.Build.0 = Release|Any CPU
	EndGlobalSection
	GlobalSection(SolutionProperties) = preSolution
		HideSolutionNode = FALSE
	EndGlobalSection
	GlobalSection(ExtensibilityGlobals) = postSolution
		SolutionGuid = {9953D580-A773-4F22-BDFE-71775EAB6604}
	EndGlobalSection
EndGlobal
